// !$*UTF8*$!
{
	archiveVersion = 1;
	classes = {
	};
	objectVersion = 46;
	objects = {

/* Begin PBXBuildFile section */
		00D5E853CDE83578BDB88D65 /* Pods_swift_test.framework in Frameworks */ = {isa = PBXBuildFile; fileRef = F113AC2F89ADF04D4D6AD7B9 /* Pods_swift_test.framework */; };
		B408A0E8EE42591CE1F96916 /* AuthResponse.swift in Sources */ = {isa = PBXBuildFile; fileRef = B408A874277B969C324A7CE8 /* AuthResponse.swift */; };
		B408A14C0D85CA8F32BC1DB8 /* LeftMenuViewController.swift in Sources */ = {isa = PBXBuildFile; fileRef = B408A2F858D098C1E5D61F9E /* LeftMenuViewController.swift */; };
		B408A2E4CD0AEA21E7D75352 /* Defaults.swift in Sources */ = {isa = PBXBuildFile; fileRef = B408A515949209B77A35F98D /* Defaults.swift */; };
		B408A2F2C2330387B7F072A0 /* AccountManager.swift in Sources */ = {isa = PBXBuildFile; fileRef = B408AE49E6721A79F05411DC /* AccountManager.swift */; };
		B408A3479DEF113BD0F5781E /* KinopubAccount.swift in Sources */ = {isa = PBXBuildFile; fileRef = B408A1C22C57202D80DB6499 /* KinopubAccount.swift */; };
		B408A3F85B69928EB3C45174 /* LoginModel.swift in Sources */ = {isa = PBXBuildFile; fileRef = B408A7F59BFA0CBBCDBEB1FA /* LoginModel.swift */; };
		B408A622F553D14D8B45B42A /* SplitViewController.swift in Sources */ = {isa = PBXBuildFile; fileRef = B408AD22F761F46335E55815 /* SplitViewController.swift */; };
		B408A8E503BC75AE02F70040 /* TokenResponse.swift in Sources */ = {isa = PBXBuildFile; fileRef = B408A2F6988495D2D640F031 /* TokenResponse.swift */; };
		B408A9D8509FD65323AAFBAB /* OAuthHandler.swift in Sources */ = {isa = PBXBuildFile; fileRef = B408AB84E05C6F7D8C53F89E /* OAuthHandler.swift */; };
		B408AA1CFAAF606E9CEFB3C7 /* DelegatesStorage.swift in Sources */ = {isa = PBXBuildFile; fileRef = B408A4626B73E1211D5FA5D0 /* DelegatesStorage.swift */; };
		B408AB3065B0753FAACF07F9 /* AccountNetworkingService.swift in Sources */ = {isa = PBXBuildFile; fileRef = B408AD7C786152DBC6980534 /* AccountNetworkingService.swift */; };
		B408AC8F8D9DFE737204CE5D /* RequestFactory.swift in Sources */ = {isa = PBXBuildFile; fileRef = B408A5A00BBE78E180474B06 /* RequestFactory.swift */; };
		B408ACE03734986B9C657620 /* LoginNetworkingService.swift in Sources */ = {isa = PBXBuildFile; fileRef = B408A39B082B70CF5708D926 /* LoginNetworkingService.swift */; };
		B408AD15176079EBD139B2B0 /* ModelsAssembly.swift in Sources */ = {isa = PBXBuildFile; fileRef = B408A0B38C3308C4A6E12065 /* ModelsAssembly.swift */; };
		B408AED11A54FEC50FD72FBB /* LoginViewController.swift in Sources */ = {isa = PBXBuildFile; fileRef = B408A487008E330C4210EE24 /* LoginViewController.swift */; };
		C259D17A1DD1EFD000228FED /* AppDelegate.swift in Sources */ = {isa = PBXBuildFile; fileRef = C259D1791DD1EFD000228FED /* AppDelegate.swift */; };
		C259D17F1DD1EFD000228FED /* Main.storyboard in Resources */ = {isa = PBXBuildFile; fileRef = C259D17D1DD1EFD000228FED /* Main.storyboard */; };
		C259D1811DD1EFD000228FED /* Assets.xcassets in Resources */ = {isa = PBXBuildFile; fileRef = C259D1801DD1EFD000228FED /* Assets.xcassets */; };
/* End PBXBuildFile section */

/* Begin PBXFileReference section */
		B408A0B38C3308C4A6E12065 /* ModelsAssembly.swift */ = {isa = PBXFileReference; fileEncoding = 4; lastKnownFileType = sourcecode.swift; path = ModelsAssembly.swift; sourceTree = "<group>"; };
		B408A1C22C57202D80DB6499 /* KinopubAccount.swift */ = {isa = PBXFileReference; fileEncoding = 4; lastKnownFileType = sourcecode.swift; path = KinopubAccount.swift; sourceTree = "<group>"; };
		B408A2F6988495D2D640F031 /* TokenResponse.swift */ = {isa = PBXFileReference; fileEncoding = 4; lastKnownFileType = sourcecode.swift; path = TokenResponse.swift; sourceTree = "<group>"; };
		B408A2F858D098C1E5D61F9E /* LeftMenuViewController.swift */ = {isa = PBXFileReference; fileEncoding = 4; lastKnownFileType = sourcecode.swift; path = LeftMenuViewController.swift; sourceTree = "<group>"; };
		B408A39B082B70CF5708D926 /* LoginNetworkingService.swift */ = {isa = PBXFileReference; fileEncoding = 4; lastKnownFileType = sourcecode.swift; path = LoginNetworkingService.swift; sourceTree = "<group>"; };
		B408A4626B73E1211D5FA5D0 /* DelegatesStorage.swift */ = {isa = PBXFileReference; fileEncoding = 4; lastKnownFileType = sourcecode.swift; path = DelegatesStorage.swift; sourceTree = "<group>"; };
		B408A487008E330C4210EE24 /* LoginViewController.swift */ = {isa = PBXFileReference; fileEncoding = 4; lastKnownFileType = sourcecode.swift; path = LoginViewController.swift; sourceTree = "<group>"; };
		B408A515949209B77A35F98D /* Defaults.swift */ = {isa = PBXFileReference; fileEncoding = 4; lastKnownFileType = sourcecode.swift; path = Defaults.swift; sourceTree = "<group>"; };
		B408A5A00BBE78E180474B06 /* RequestFactory.swift */ = {isa = PBXFileReference; fileEncoding = 4; lastKnownFileType = sourcecode.swift; path = RequestFactory.swift; sourceTree = "<group>"; };
		B408A7F59BFA0CBBCDBEB1FA /* LoginModel.swift */ = {isa = PBXFileReference; fileEncoding = 4; lastKnownFileType = sourcecode.swift; path = LoginModel.swift; sourceTree = "<group>"; };
		B408A874277B969C324A7CE8 /* AuthResponse.swift */ = {isa = PBXFileReference; fileEncoding = 4; lastKnownFileType = sourcecode.swift; path = AuthResponse.swift; sourceTree = "<group>"; };
		B408AB84E05C6F7D8C53F89E /* OAuthHandler.swift */ = {isa = PBXFileReference; fileEncoding = 4; lastKnownFileType = sourcecode.swift; path = OAuthHandler.swift; sourceTree = "<group>"; };
		B408AD22F761F46335E55815 /* SplitViewController.swift */ = {isa = PBXFileReference; fileEncoding = 4; lastKnownFileType = sourcecode.swift; path = SplitViewController.swift; sourceTree = "<group>"; };
		B408AD7C786152DBC6980534 /* AccountNetworkingService.swift */ = {isa = PBXFileReference; fileEncoding = 4; lastKnownFileType = sourcecode.swift; path = AccountNetworkingService.swift; sourceTree = "<group>"; };
		B408AE49E6721A79F05411DC /* AccountManager.swift */ = {isa = PBXFileReference; fileEncoding = 4; lastKnownFileType = sourcecode.swift; path = AccountManager.swift; sourceTree = "<group>"; };
		C259D1761DD1EFD000228FED /* swift-test.app */ = {isa = PBXFileReference; explicitFileType = wrapper.application; includeInIndex = 0; path = "swift-test.app"; sourceTree = BUILT_PRODUCTS_DIR; };
		C259D1791DD1EFD000228FED /* AppDelegate.swift */ = {isa = PBXFileReference; lastKnownFileType = sourcecode.swift; path = AppDelegate.swift; sourceTree = "<group>"; };
		C259D17E1DD1EFD000228FED /* Base */ = {isa = PBXFileReference; lastKnownFileType = file.storyboard; name = Base; path = Base.lproj/Main.storyboard; sourceTree = "<group>"; };
		C259D1801DD1EFD000228FED /* Assets.xcassets */ = {isa = PBXFileReference; lastKnownFileType = folder.assetcatalog; path = Assets.xcassets; sourceTree = "<group>"; };
		C259D1821DD1EFD000228FED /* Info.plist */ = {isa = PBXFileReference; lastKnownFileType = text.plist.xml; path = Info.plist; sourceTree = "<group>"; };
		E00B26A6185249A61E72CB0E /* Pods-swift-test.release.xcconfig */ = {isa = PBXFileReference; includeInIndex = 1; lastKnownFileType = text.xcconfig; name = "Pods-swift-test.release.xcconfig"; path = "Pods/Target Support Files/Pods-swift-test/Pods-swift-test.release.xcconfig"; sourceTree = "<group>"; };
		F113AC2F89ADF04D4D6AD7B9 /* Pods_swift_test.framework */ = {isa = PBXFileReference; explicitFileType = wrapper.framework; includeInIndex = 0; path = Pods_swift_test.framework; sourceTree = BUILT_PRODUCTS_DIR; };
		FBC086962B6D2DBB8AC4A7DE /* Pods-swift-test.debug.xcconfig */ = {isa = PBXFileReference; includeInIndex = 1; lastKnownFileType = text.xcconfig; name = "Pods-swift-test.debug.xcconfig"; path = "Pods/Target Support Files/Pods-swift-test/Pods-swift-test.debug.xcconfig"; sourceTree = "<group>"; };
/* End PBXFileReference section */

/* Begin PBXFrameworksBuildPhase section */
		C259D1731DD1EFD000228FED /* Frameworks */ = {
			isa = PBXFrameworksBuildPhase;
			buildActionMask = 2147483647;
			files = (
				00D5E853CDE83578BDB88D65 /* Pods_swift_test.framework in Frameworks */,
			);
			runOnlyForDeploymentPostprocessing = 0;
		};
/* End PBXFrameworksBuildPhase section */

/* Begin PBXGroup section */
		359ECC8A26E360DD33E289D5 /* Frameworks */ = {
			isa = PBXGroup;
			children = (
				F113AC2F89ADF04D4D6AD7B9 /* Pods_swift_test.framework */,
			);
			name = Frameworks;
			sourceTree = "<group>";
		};
		7907445608C44227F7039F2E /* Pods */ = {
			isa = PBXGroup;
			children = (
				FBC086962B6D2DBB8AC4A7DE /* Pods-swift-test.debug.xcconfig */,
				E00B26A6185249A61E72CB0E /* Pods-swift-test.release.xcconfig */,
			);
			name = Pods;
			sourceTree = "<group>";
		};
		B408A0373011E63045CC964A /* ViewControllers */ = {
			isa = PBXGroup;
			children = (
				B408AD22F761F46335E55815 /* SplitViewController.swift */,
				B408A2F858D098C1E5D61F9E /* LeftMenuViewController.swift */,
				B408A487008E330C4210EE24 /* LoginViewController.swift */,
			);
			path = ViewControllers;
			sourceTree = "<group>";
		};
		B408A509DF89049DD971FD76 /* Services */ = {
			isa = PBXGroup;
			children = (
				B408ACB34134CE3D50FD63A4 /* NetworkingServices */,
			);
			path = Services;
			sourceTree = "<group>";
		};
		B408A88344234884A39349B9 /* ViewControllerModels */ = {
			isa = PBXGroup;
			children = (
				B408A7F59BFA0CBBCDBEB1FA /* LoginModel.swift */,
			);
			path = ViewControllerModels;
			sourceTree = "<group>";
		};
		B408A9ACBA5E62E2CF5116F1 /* Models */ = {
			isa = PBXGroup;
			children = (
				B408AE49E6721A79F05411DC /* AccountManager.swift */,
				B408A1C22C57202D80DB6499 /* KinopubAccount.swift */,
				B408A88344234884A39349B9 /* ViewControllerModels */,
			);
			path = Models;
			sourceTree = "<group>";
		};
		B408ABCF6FE3A2EDA9E33FD2 /* DTOs */ = {
			isa = PBXGroup;
			children = (
				B408A874277B969C324A7CE8 /* AuthResponse.swift */,
				B408A2F6988495D2D640F031 /* TokenResponse.swift */,
			);
			path = DTOs;
			sourceTree = "<group>";
		};
		B408ACB34134CE3D50FD63A4 /* NetworkingServices */ = {
			isa = PBXGroup;
			children = (
				B408A39B082B70CF5708D926 /* LoginNetworkingService.swift */,
				B408AD7C786152DBC6980534 /* AccountNetworkingService.swift */,
			);
			path = NetworkingServices;
			sourceTree = "<group>";
		};
		B408ACFB63C66F678D07EF00 /* Views */ = {
			isa = PBXGroup;
			children = (
			);
			path = Views;
			sourceTree = "<group>";
		};
		B408AF02C84843FF8B3C61AA /* Infrastructure */ = {
			isa = PBXGroup;
			children = (
				B408A4626B73E1211D5FA5D0 /* DelegatesStorage.swift */,
				B408A0B38C3308C4A6E12065 /* ModelsAssembly.swift */,
				B408A515949209B77A35F98D /* Defaults.swift */,
				B408A5A00BBE78E180474B06 /* RequestFactory.swift */,
				B408AB84E05C6F7D8C53F89E /* OAuthHandler.swift */,
			);
			path = Infrastructure;
			sourceTree = "<group>";
		};
		C259D16D1DD1EFD000228FED = {
			isa = PBXGroup;
			children = (
				C259D1781DD1EFD000228FED /* swift-test */,
				C259D1771DD1EFD000228FED /* Products */,
				7907445608C44227F7039F2E /* Pods */,
				359ECC8A26E360DD33E289D5 /* Frameworks */,
			);
			sourceTree = "<group>";
		};
		C259D1771DD1EFD000228FED /* Products */ = {
			isa = PBXGroup;
			children = (
				C259D1761DD1EFD000228FED /* swift-test.app */,
			);
			name = Products;
			sourceTree = "<group>";
		};
		C259D1781DD1EFD000228FED /* swift-test */ = {
			isa = PBXGroup;
			children = (
				C259D1791DD1EFD000228FED /* AppDelegate.swift */,
				C259D17D1DD1EFD000228FED /* Main.storyboard */,
				C259D1801DD1EFD000228FED /* Assets.xcassets */,
				C259D1821DD1EFD000228FED /* Info.plist */,
				B408A0373011E63045CC964A /* ViewControllers */,
				B408A9ACBA5E62E2CF5116F1 /* Models */,
				B408ACFB63C66F678D07EF00 /* Views */,
				B408A509DF89049DD971FD76 /* Services */,
				B408AF02C84843FF8B3C61AA /* Infrastructure */,
				B408ABCF6FE3A2EDA9E33FD2 /* DTOs */,
			);
			path = "swift-test";
			sourceTree = "<group>";
		};
/* End PBXGroup section */

/* Begin PBXNativeTarget section */
		C259D1751DD1EFD000228FED /* swift-test */ = {
			isa = PBXNativeTarget;
			buildConfigurationList = C259D1851DD1EFD000228FED /* Build configuration list for PBXNativeTarget "swift-test" */;
			buildPhases = (
				1F8994126F05075A941B6EEC /* [CP] Check Pods Manifest.lock */,
				C259D1721DD1EFD000228FED /* Sources */,
				C259D1731DD1EFD000228FED /* Frameworks */,
				C259D1741DD1EFD000228FED /* Resources */,
				F48D97C273EBD109D150EF27 /* [CP] Embed Pods Frameworks */,
				F13928544196B4C374649D44 /* [CP] Copy Pods Resources */,
			);
			buildRules = (
			);
			dependencies = (
			);
			name = "swift-test";
			productName = "swift-test";
			productReference = C259D1761DD1EFD000228FED /* swift-test.app */;
			productType = "com.apple.product-type.application";
		};
/* End PBXNativeTarget section */

/* Begin PBXProject section */
		C259D16E1DD1EFD000228FED /* Project object */ = {
			isa = PBXProject;
			attributes = {
				LastSwiftUpdateCheck = 0810;
				LastUpgradeCheck = 0810;
				ORGANIZATIONNAME = babystep.tv;
				TargetAttributes = {
					C259D1751DD1EFD000228FED = {
						CreatedOnToolsVersion = 8.1;
						ProvisioningStyle = Automatic;
					};
				};
			};
			buildConfigurationList = C259D1711DD1EFD000228FED /* Build configuration list for PBXProject "swift-test" */;
			compatibilityVersion = "Xcode 3.2";
			developmentRegion = English;
			hasScannedForEncodings = 0;
			knownRegions = (
				en,
				Base,
			);
			mainGroup = C259D16D1DD1EFD000228FED;
			productRefGroup = C259D1771DD1EFD000228FED /* Products */;
			projectDirPath = "";
			projectRoot = "";
			targets = (
				C259D1751DD1EFD000228FED /* swift-test */,
			);
		};
/* End PBXProject section */

/* Begin PBXResourcesBuildPhase section */
		C259D1741DD1EFD000228FED /* Resources */ = {
			isa = PBXResourcesBuildPhase;
			buildActionMask = 2147483647;
			files = (
				C259D1811DD1EFD000228FED /* Assets.xcassets in Resources */,
				C259D17F1DD1EFD000228FED /* Main.storyboard in Resources */,
			);
			runOnlyForDeploymentPostprocessing = 0;
		};
/* End PBXResourcesBuildPhase section */

/* Begin PBXShellScriptBuildPhase section */
		1F8994126F05075A941B6EEC /* [CP] Check Pods Manifest.lock */ = {
			isa = PBXShellScriptBuildPhase;
			buildActionMask = 2147483647;
			files = (
			);
			inputPaths = (
			);
			name = "[CP] Check Pods Manifest.lock";
			outputPaths = (
			);
			runOnlyForDeploymentPostprocessing = 0;
			shellPath = /bin/sh;
			shellScript = "diff \"${PODS_ROOT}/../Podfile.lock\" \"${PODS_ROOT}/Manifest.lock\" > /dev/null\nif [ $? != 0 ] ; then\n    # print error to STDERR\n    echo \"error: The sandbox is not in sync with the Podfile.lock. Run 'pod install' or update your CocoaPods installation.\" >&2\n    exit 1\nfi\n";
			showEnvVarsInLog = 0;
		};
		F13928544196B4C374649D44 /* [CP] Copy Pods Resources */ = {
			isa = PBXShellScriptBuildPhase;
			buildActionMask = 2147483647;
			files = (
			);
			inputPaths = (
			);
			name = "[CP] Copy Pods Resources";
			outputPaths = (
			);
			runOnlyForDeploymentPostprocessing = 0;
			shellPath = /bin/sh;
			shellScript = "\"${SRCROOT}/Pods/Target Support Files/Pods-swift-test/Pods-swift-test-resources.sh\"\n";
			showEnvVarsInLog = 0;
		};
		F48D97C273EBD109D150EF27 /* [CP] Embed Pods Frameworks */ = {
			isa = PBXShellScriptBuildPhase;
			buildActionMask = 2147483647;
			files = (
			);
			inputPaths = (
			);
			name = "[CP] Embed Pods Frameworks";
			outputPaths = (
			);
			runOnlyForDeploymentPostprocessing = 0;
			shellPath = /bin/sh;
			shellScript = "\"${SRCROOT}/Pods/Target Support Files/Pods-swift-test/Pods-swift-test-frameworks.sh\"\n";
			showEnvVarsInLog = 0;
		};
/* End PBXShellScriptBuildPhase section */

/* Begin PBXSourcesBuildPhase section */
		C259D1721DD1EFD000228FED /* Sources */ = {
			isa = PBXSourcesBuildPhase;
			buildActionMask = 2147483647;
			files = (
				C259D17A1DD1EFD000228FED /* AppDelegate.swift in Sources */,
				B408A622F553D14D8B45B42A /* SplitViewController.swift in Sources */,
				B408A14C0D85CA8F32BC1DB8 /* LeftMenuViewController.swift in Sources */,
				B408A2F2C2330387B7F072A0 /* AccountManager.swift in Sources */,
				B408AED11A54FEC50FD72FBB /* LoginViewController.swift in Sources */,
				B408AA1CFAAF606E9CEFB3C7 /* DelegatesStorage.swift in Sources */,
				B408A3479DEF113BD0F5781E /* KinopubAccount.swift in Sources */,
				B408AD15176079EBD139B2B0 /* ModelsAssembly.swift in Sources */,
				B408A2E4CD0AEA21E7D75352 /* Defaults.swift in Sources */,
				B408ACE03734986B9C657620 /* LoginNetworkingService.swift in Sources */,
				B408A3F85B69928EB3C45174 /* LoginModel.swift in Sources */,
				B408A0E8EE42591CE1F96916 /* AuthResponse.swift in Sources */,
				B408AC8F8D9DFE737204CE5D /* RequestFactory.swift in Sources */,
				B408A8E503BC75AE02F70040 /* TokenResponse.swift in Sources */,
				B408AB3065B0753FAACF07F9 /* AccountNetworkingService.swift in Sources */,
				B408A9D8509FD65323AAFBAB /* OAuthHandler.swift in Sources */,
			);
			runOnlyForDeploymentPostprocessing = 0;
		};
/* End PBXSourcesBuildPhase section */

/* Begin PBXVariantGroup section */
		C259D17D1DD1EFD000228FED /* Main.storyboard */ = {
			isa = PBXVariantGroup;
			children = (
				C259D17E1DD1EFD000228FED /* Base */,
			);
			name = Main.storyboard;
			sourceTree = "<group>";
		};
/* End PBXVariantGroup section */

/* Begin XCBuildConfiguration section */
		C259D1831DD1EFD000228FED /* Debug */ = {
			isa = XCBuildConfiguration;
			buildSettings = {
				ALWAYS_SEARCH_USER_PATHS = NO;
				CLANG_ANALYZER_NONNULL = YES;
				CLANG_CXX_LANGUAGE_STANDARD = "gnu++0x";
				CLANG_CXX_LIBRARY = "libc++";
				CLANG_ENABLE_MODULES = YES;
				CLANG_ENABLE_OBJC_ARC = YES;
				CLANG_WARN_BOOL_CONVERSION = YES;
				CLANG_WARN_CONSTANT_CONVERSION = YES;
				CLANG_WARN_DIRECT_OBJC_ISA_USAGE = YES_ERROR;
				CLANG_WARN_DOCUMENTATION_COMMENTS = YES;
				CLANG_WARN_EMPTY_BODY = YES;
				CLANG_WARN_ENUM_CONVERSION = YES;
				CLANG_WARN_INFINITE_RECURSION = YES;
				CLANG_WARN_INT_CONVERSION = YES;
				CLANG_WARN_OBJC_ROOT_CLASS = YES_ERROR;
				CLANG_WARN_SUSPICIOUS_MOVES = YES;
				CLANG_WARN_UNREACHABLE_CODE = YES;
				CLANG_WARN__DUPLICATE_METHOD_MATCH = YES;
				COPY_PHASE_STRIP = NO;
				DEBUG_INFORMATION_FORMAT = dwarf;
				ENABLE_STRICT_OBJC_MSGSEND = YES;
				ENABLE_TESTABILITY = YES;
				GCC_C_LANGUAGE_STANDARD = gnu99;
				GCC_DYNAMIC_NO_PIC = NO;
				GCC_NO_COMMON_BLOCKS = YES;
				GCC_OPTIMIZATION_LEVEL = 0;
				GCC_PREPROCESSOR_DEFINITIONS = (
					"DEBUG=1",
					"$(inherited)",
				);
				GCC_WARN_64_TO_32_BIT_CONVERSION = YES;
				GCC_WARN_ABOUT_RETURN_TYPE = YES_ERROR;
				GCC_WARN_UNDECLARED_SELECTOR = YES;
				GCC_WARN_UNINITIALIZED_AUTOS = YES_AGGRESSIVE;
				GCC_WARN_UNUSED_FUNCTION = YES;
				GCC_WARN_UNUSED_VARIABLE = YES;
				MTL_ENABLE_DEBUG_INFO = YES;
				ONLY_ACTIVE_ARCH = YES;
				SDKROOT = appletvos;
				SWIFT_ACTIVE_COMPILATION_CONDITIONS = DEBUG;
				SWIFT_OPTIMIZATION_LEVEL = "-Onone";
				TARGETED_DEVICE_FAMILY = 3;
				TVOS_DEPLOYMENT_TARGET = 10.0;
			};
			name = Debug;
		};
		C259D1841DD1EFD000228FED /* Release */ = {
			isa = XCBuildConfiguration;
			buildSettings = {
				ALWAYS_SEARCH_USER_PATHS = NO;
				CLANG_ANALYZER_NONNULL = YES;
				CLANG_CXX_LANGUAGE_STANDARD = "gnu++0x";
				CLANG_CXX_LIBRARY = "libc++";
				CLANG_ENABLE_MODULES = YES;
				CLANG_ENABLE_OBJC_ARC = YES;
				CLANG_WARN_BOOL_CONVERSION = YES;
				CLANG_WARN_CONSTANT_CONVERSION = YES;
				CLANG_WARN_DIRECT_OBJC_ISA_USAGE = YES_ERROR;
				CLANG_WARN_DOCUMENTATION_COMMENTS = YES;
				CLANG_WARN_EMPTY_BODY = YES;
				CLANG_WARN_ENUM_CONVERSION = YES;
				CLANG_WARN_INFINITE_RECURSION = YES;
				CLANG_WARN_INT_CONVERSION = YES;
				CLANG_WARN_OBJC_ROOT_CLASS = YES_ERROR;
				CLANG_WARN_SUSPICIOUS_MOVES = YES;
				CLANG_WARN_UNREACHABLE_CODE = YES;
				CLANG_WARN__DUPLICATE_METHOD_MATCH = YES;
				COPY_PHASE_STRIP = NO;
				DEBUG_INFORMATION_FORMAT = "dwarf-with-dsym";
				ENABLE_NS_ASSERTIONS = NO;
				ENABLE_STRICT_OBJC_MSGSEND = YES;
				GCC_C_LANGUAGE_STANDARD = gnu99;
				GCC_NO_COMMON_BLOCKS = YES;
				GCC_WARN_64_TO_32_BIT_CONVERSION = YES;
				GCC_WARN_ABOUT_RETURN_TYPE = YES_ERROR;
				GCC_WARN_UNDECLARED_SELECTOR = YES;
				GCC_WARN_UNINITIALIZED_AUTOS = YES_AGGRESSIVE;
				GCC_WARN_UNUSED_FUNCTION = YES;
				GCC_WARN_UNUSED_VARIABLE = YES;
				MTL_ENABLE_DEBUG_INFO = NO;
				SDKROOT = appletvos;
				SWIFT_OPTIMIZATION_LEVEL = "-Owholemodule";
				TARGETED_DEVICE_FAMILY = 3;
				TVOS_DEPLOYMENT_TARGET = 10.0;
				VALIDATE_PRODUCT = YES;
			};
			name = Release;
		};
		C259D1861DD1EFD000228FED /* Debug */ = {
			isa = XCBuildConfiguration;
			baseConfigurationReference = FBC086962B6D2DBB8AC4A7DE /* Pods-swift-test.debug.xcconfig */;
			buildSettings = {
				ASSETCATALOG_COMPILER_APPICON_NAME = "App Icon & Top Shelf Image";
				ASSETCATALOG_COMPILER_LAUNCHIMAGE_NAME = LaunchImage;
				INFOPLIST_FILE = "swift-test/Info.plist";
				LD_RUNPATH_SEARCH_PATHS = "$(inherited) @executable_path/Frameworks";
				PRODUCT_BUNDLE_IDENTIFIER = "tv.babystep.swift-test";
				PRODUCT_NAME = "$(TARGET_NAME)";
				SWIFT_VERSION = 3.0;
			};
			name = Debug;
		};
		C259D1871DD1EFD000228FED /* Release */ = {
			isa = XCBuildConfiguration;
			baseConfigurationReference = E00B26A6185249A61E72CB0E /* Pods-swift-test.release.xcconfig */;
			buildSettings = {
				ASSETCATALOG_COMPILER_APPICON_NAME = "App Icon & Top Shelf Image";
				ASSETCATALOG_COMPILER_LAUNCHIMAGE_NAME = LaunchImage;
				INFOPLIST_FILE = "swift-test/Info.plist";
				LD_RUNPATH_SEARCH_PATHS = "$(inherited) @executable_path/Frameworks";
				PRODUCT_BUNDLE_IDENTIFIER = "tv.babystep.swift-test";
				PRODUCT_NAME = "$(TARGET_NAME)";
				SWIFT_VERSION = 3.0;
			};
			name = Release;
		};
/* End XCBuildConfiguration section */

/* Begin XCConfigurationList section */
		C259D1711DD1EFD000228FED /* Build configuration list for PBXProject "swift-test" */ = {
			isa = XCConfigurationList;
			buildConfigurations = (
				C259D1831DD1EFD000228FED /* Debug */,
				C259D1841DD1EFD000228FED /* Release */,
			);
			defaultConfigurationIsVisible = 0;
			defaultConfigurationName = Release;
		};
		C259D1851DD1EFD000228FED /* Build configuration list for PBXNativeTarget "swift-test" */ = {
			isa = XCConfigurationList;
			buildConfigurations = (
				C259D1861DD1EFD000228FED /* Debug */,
				C259D1871DD1EFD000228FED /* Release */,
			);
			defaultConfigurationIsVisible = 0;
			defaultConfigurationName = Release;
		};
/* End XCConfigurationList section */
	};
	rootObject = C259D16E1DD1EFD000228FED /* Project object */;
}
